
Microsoft Visual Studio Solution File, Format Version 12.00
# Visual Studio 15
VisualStudioVersion = 15.0.27004.2008
MinimumVisualStudioVersion = 10.0.40219.1
Project("{FAE04EC0-301F-11D3-BF4B-00C04F79EFBC}") = "UI", "UI\UI.csproj", "{FFC326A9-A038-43FC-83CB-78FC28175CC4}"
EndProject
Project("{FAE04EC0-301F-11D3-BF4B-00C04F79EFBC}") = "BLL", "BLL\BLL.csproj", "{2976DB28-46D6-45EC-9D41-04DC58C56DDC}"
EndProject
Project("{FAE04EC0-301F-11D3-BF4B-00C04F79EFBC}") = "DAL", "DAL\DAL.csproj", "{D7A4B328-C0A2-401C-86CA-23D1634F3F39}"
EndProject
Global
	GlobalSection(SolutionConfigurationPlatforms) = preSolution
		Debug|Any CPU = Debug|Any CPU
		Release|Any CPU = Release|Any CPU
	EndGlobalSection
	GlobalSection(ProjectConfigurationPlatforms) = postSolution
		{FFC326A9-A038-43FC-83CB-78FC28175CC4}.Debug|Any CPU.ActiveCfg = Debug|Any CPU
		{FFC326A9-A038-43FC-83CB-78FC28175CC4}.Debug|Any CPU.Build.0 = Debug|Any CPU
		{FFC326A9-A038-43FC-83CB-78FC28175CC4}.Release|Any CPU.ActiveCfg = Release|Any CPU
		{FFC326A9-A038-43FC-83CB-78FC28175CC4}.Release|Any CPU.Build.0 = Release|Any CPU
		{2976DB28-46D6-45EC-9D41-04DC58C56DDC}.Debug|Any CPU.ActiveCfg = Debug|Any CPU
		{2976DB28-46D6-45EC-9D41-04DC58C56DDC}.Debug|Any CPU.Build.0 = Debug|Any CPU
		{2976DB28-46D6-45EC-9D41-04DC58C56DDC}.Release|Any CPU.ActiveCfg = Release|Any CPU
		{2976DB28-46D6-45EC-9D41-04DC58C56DDC}.Release|Any CPU.Build.0 = Release|Any CPU
		{D7A4B328-C0A2-401C-86CA-23D1634F3F39}.Debug|Any CPU.ActiveCfg = Debug|Any CPU
		{D7A4B328-C0A2-401C-86CA-23D1634F3F39}.Debug|Any CPU.Build.0 = Debug|Any CPU
		{D7A4B328-C0A2-401C-86CA-23D1634F3F39}.Release|Any CPU.ActiveCfg = Release|Any CPU
		{D7A4B328-C0A2-401C-86CA-23D1634F3F39}.Release|Any CPU.Build.0 = Release|Any CPU
	EndGlobalSection
	GlobalSection(SolutionProperties) = preSolution
		HideSolutionNode = FALSE
	EndGlobalSection
	GlobalSection(ExtensibilityGlobals) = postSolution
		SolutionGuid = {8D3ED8EC-BCED-4540-8C51-9AFDDE880F83}
	EndGlobalSection
EndGlobal
